// !$*UTF8*$!
{
	archiveVersion = 1;
	classes = {
	};
	objectVersion = 46;
	objects = {

/* Begin PBXBuildFile section */
		C25B5D841B85DA4800318952 /* MessageCategoryTableViewCell.m in Sources */ = {isa = PBXBuildFile; fileRef = C25B5D831B85DA4800318952 /* MessageCategoryTableViewCell.m */; };
		C25B5D871B85DA5F00318952 /* MessageListTableViewCell.m in Sources */ = {isa = PBXBuildFile; fileRef = C25B5D861B85DA5F00318952 /* MessageListTableViewCell.m */; };
		DF3C419B1B8584430053355F /* MainPage.m in Sources */ = {isa = PBXBuildFile; fileRef = DF3C419A1B8584430053355F /* MainPage.m */; };
		DF3C419E1B8586130053355F /* MainPageCell.m in Sources */ = {isa = PBXBuildFile; fileRef = DF3C419D1B8586130053355F /* MainPageCell.m */; };
		DF3C41A11B85BFF40053355F /* MPButton.m in Sources */ = {isa = PBXBuildFile; fileRef = DF3C41A01B85BFF40053355F /* MPButton.m */; };
		DF5850911B856AC300204DDE /* MPDrop.m in Sources */ = {isa = PBXBuildFile; fileRef = DF58508E1B856AC300204DDE /* MPDrop.m */; };
		DF5850921B856AC300204DDE /* RememberedUserView.m in Sources */ = {isa = PBXBuildFile; fileRef = DF5850901B856AC300204DDE /* RememberedUserView.m */; };
		DF5850981B856AD200204DDE /* Login.png in Resources */ = {isa = PBXBuildFile; fileRef = DF5850941B856AD200204DDE /* Login.png */; };
		DF5850991B856AD200204DDE /* LoginViewController.m in Sources */ = {isa = PBXBuildFile; fileRef = DF5850961B856AD200204DDE /* LoginViewController.m */; };
		DF58509A1B856AD200204DDE /* LoginViewController.xib in Resources */ = {isa = PBXBuildFile; fileRef = DF5850971B856AD200204DDE /* LoginViewController.xib */; };
		DF6E3F461B82BD4C005355FE /* Temp1.m in Sources */ = {isa = PBXBuildFile; fileRef = DF6E3F451B82BD4C005355FE /* Temp1.m */; };
		DFD3FACA1B8179EE0079CEC1 /* main.m in Sources */ = {isa = PBXBuildFile; fileRef = DFD3FAC91B8179EE0079CEC1 /* main.m */; };
		DFD3FAD31B8179EE0079CEC1 /* Main.storyboard in Resources */ = {isa = PBXBuildFile; fileRef = DFD3FAD11B8179EE0079CEC1 /* Main.storyboard */; };
		DFD3FAD51B8179EE0079CEC1 /* Images.xcassets in Resources */ = {isa = PBXBuildFile; fileRef = DFD3FAD41B8179EE0079CEC1 /* Images.xcassets */; };
		DFD3FAD81B8179EE0079CEC1 /* LaunchScreen.xib in Resources */ = {isa = PBXBuildFile; fileRef = DFD3FAD61B8179EE0079CEC1 /* LaunchScreen.xib */; };
		DFD3FAE41B8179EE0079CEC1 /* MiTanTests.m in Sources */ = {isa = PBXBuildFile; fileRef = DFD3FAE31B8179EE0079CEC1 /* MiTanTests.m */; };
		DFD3FB121B81C19A0079CEC1 /* AppDelegate.m in Sources */ = {isa = PBXBuildFile; fileRef = DFD3FAFE1B81C19A0079CEC1 /* AppDelegate.m */; };
		DFD3FB1A1B81D2C90079CEC1 /* WTbaseTabbarController.m in Sources */ = {isa = PBXBuildFile; fileRef = DFD3FB191B81D2C90079CEC1 /* WTbaseTabbarController.m */; };
		DFD3FB1D1B81DE420079CEC1 /* MessageViewController.m in Sources */ = {isa = PBXBuildFile; fileRef = DFD3FB1C1B81DE420079CEC1 /* MessageViewController.m */; };
		DFD3FB201B81DE830079CEC1 /* MyTableViewController.m in Sources */ = {isa = PBXBuildFile; fileRef = DFD3FB1F1B81DE830079CEC1 /* MyTableViewController.m */; };
		DFD3FB231B81DE9B0079CEC1 /* AroundViewController.m in Sources */ = {isa = PBXBuildFile; fileRef = DFD3FB221B81DE9B0079CEC1 /* AroundViewController.m */; };
		DFD3FB261B81E1530079CEC1 /* WTbaseNavigationVController.m in Sources */ = {isa = PBXBuildFile; fileRef = DFD3FB251B81E1530079CEC1 /* WTbaseNavigationVController.m */; };
		DFD3FB2B1B82054B0079CEC1 /* UIBarButtonItem+WTbarButtonItem.m in Sources */ = {isa = PBXBuildFile; fileRef = DFD3FB2A1B82054B0079CEC1 /* UIBarButtonItem+WTbarButtonItem.m */; };
		DFD3FB2E1B82056D0079CEC1 /* UIView+WTview.m in Sources */ = {isa = PBXBuildFile; fileRef = DFD3FB2D1B82056D0079CEC1 /* UIView+WTview.m */; };
		DFF8CD711B83644000104AB5 /* NSString+Format.m in Sources */ = {isa = PBXBuildFile; fileRef = DFF8CD701B83644000104AB5 /* NSString+Format.m */; };
		DFF8CE1A1B84BC1800104AB5 /* AFHTTPRequestOperation.m in Sources */ = {isa = PBXBuildFile; fileRef = DFF8CDF61B84BC1800104AB5 /* AFHTTPRequestOperation.m */; };
		DFF8CE1B1B84BC1800104AB5 /* AFHTTPRequestOperationManager.m in Sources */ = {isa = PBXBuildFile; fileRef = DFF8CDF81B84BC1800104AB5 /* AFHTTPRequestOperationManager.m */; };
		DFF8CE1C1B84BC1800104AB5 /* AFHTTPSessionManager.m in Sources */ = {isa = PBXBuildFile; fileRef = DFF8CDFA1B84BC1800104AB5 /* AFHTTPSessionManager.m */; };
		DFF8CE1D1B84BC1800104AB5 /* AFNetworkReachabilityManager.m in Sources */ = {isa = PBXBuildFile; fileRef = DFF8CDFD1B84BC1800104AB5 /* AFNetworkReachabilityManager.m */; };
		DFF8CE1E1B84BC1800104AB5 /* AFSecurityPolicy.m in Sources */ = {isa = PBXBuildFile; fileRef = DFF8CDFF1B84BC1800104AB5 /* AFSecurityPolicy.m */; };
		DFF8CE1F1B84BC1800104AB5 /* AFURLConnectionOperation.m in Sources */ = {isa = PBXBuildFile; fileRef = DFF8CE011B84BC1800104AB5 /* AFURLConnectionOperation.m */; };
		DFF8CE201B84BC1800104AB5 /* AFURLRequestSerialization.m in Sources */ = {isa = PBXBuildFile; fileRef = DFF8CE031B84BC1800104AB5 /* AFURLRequestSerialization.m */; };
		DFF8CE211B84BC1800104AB5 /* AFURLResponseSerialization.m in Sources */ = {isa = PBXBuildFile; fileRef = DFF8CE051B84BC1800104AB5 /* AFURLResponseSerialization.m */; };
		DFF8CE221B84BC1800104AB5 /* AFURLSessionManager.m in Sources */ = {isa = PBXBuildFile; fileRef = DFF8CE071B84BC1800104AB5 /* AFURLSessionManager.m */; };
		DFF8CE231B84BC1800104AB5 /* AFNetworkActivityIndicatorManager.m in Sources */ = {isa = PBXBuildFile; fileRef = DFF8CE0A1B84BC1800104AB5 /* AFNetworkActivityIndicatorManager.m */; };
		DFF8CE241B84BC1800104AB5 /* UIActivityIndicatorView+AFNetworking.m in Sources */ = {isa = PBXBuildFile; fileRef = DFF8CE0C1B84BC1800104AB5 /* UIActivityIndicatorView+AFNetworking.m */; };
		DFF8CE251B84BC1800104AB5 /* UIAlertView+AFNetworking.m in Sources */ = {isa = PBXBuildFile; fileRef = DFF8CE0E1B84BC1800104AB5 /* UIAlertView+AFNetworking.m */; };
		DFF8CE261B84BC1800104AB5 /* UIButton+AFNetworking.m in Sources */ = {isa = PBXBuildFile; fileRef = DFF8CE101B84BC1800104AB5 /* UIButton+AFNetworking.m */; };
		DFF8CE271B84BC1800104AB5 /* UIImageView+AFNetworking.m in Sources */ = {isa = PBXBuildFile; fileRef = DFF8CE121B84BC1800104AB5 /* UIImageView+AFNetworking.m */; };
		DFF8CE281B84BC1800104AB5 /* UIProgressView+AFNetworking.m in Sources */ = {isa = PBXBuildFile; fileRef = DFF8CE151B84BC1800104AB5 /* UIProgressView+AFNetworking.m */; };
		DFF8CE291B84BC1800104AB5 /* UIRefreshControl+AFNetworking.m in Sources */ = {isa = PBXBuildFile; fileRef = DFF8CE171B84BC1800104AB5 /* UIRefreshControl+AFNetworking.m */; };
		DFF8CE2A1B84BC1800104AB5 /* UIWebView+AFNetworking.m in Sources */ = {isa = PBXBuildFile; fileRef = DFF8CE191B84BC1800104AB5 /* UIWebView+AFNetworking.m */; };
		DFF8CE2E1B84BD3400104AB5 /* RequestTool.m in Sources */ = {isa = PBXBuildFile; fileRef = DFF8CE2D1B84BD3400104AB5 /* RequestTool.m */; };
/* End PBXBuildFile section */

/* Begin PBXContainerItemProxy section */
		DFD3FADE1B8179EE0079CEC1 /* PBXContainerItemProxy */ = {
			isa = PBXContainerItemProxy;
			containerPortal = DFD3FABC1B8179ED0079CEC1 /* Project object */;
			proxyType = 1;
			remoteGlobalIDString = DFD3FAC31B8179EE0079CEC1;
			remoteInfo = MiTan;
		};
/* End PBXContainerItemProxy section */

/* Begin PBXFileReference section */
		C25B5D821B85DA4800318952 /* MessageCategoryTableViewCell.h */ = {isa = PBXFileReference; fileEncoding = 4; lastKnownFileType = sourcecode.c.h; path = MessageCategoryTableViewCell.h; sourceTree = "<group>"; };
		C25B5D831B85DA4800318952 /* MessageCategoryTableViewCell.m */ = {isa = PBXFileReference; fileEncoding = 4; lastKnownFileType = sourcecode.c.objc; path = MessageCategoryTableViewCell.m; sourceTree = "<group>"; };
		C25B5D851B85DA5F00318952 /* MessageListTableViewCell.h */ = {isa = PBXFileReference; fileEncoding = 4; lastKnownFileType = sourcecode.c.h; path = MessageListTableViewCell.h; sourceTree = "<group>"; };
		C25B5D861B85DA5F00318952 /* MessageListTableViewCell.m */ = {isa = PBXFileReference; fileEncoding = 4; lastKnownFileType = sourcecode.c.objc; path = MessageListTableViewCell.m; sourceTree = "<group>"; };
		DF3C41991B8584430053355F /* MainPage.h */ = {isa = PBXFileReference; fileEncoding = 4; lastKnownFileType = sourcecode.c.h; path = MainPage.h; sourceTree = "<group>"; };
		DF3C419A1B8584430053355F /* MainPage.m */ = {isa = PBXFileReference; fileEncoding = 4; lastKnownFileType = sourcecode.c.objc; path = MainPage.m; sourceTree = "<group>"; };
		DF3C419C1B8586130053355F /* MainPageCell.h */ = {isa = PBXFileReference; fileEncoding = 4; lastKnownFileType = sourcecode.c.h; path = MainPageCell.h; sourceTree = "<group>"; };
		DF3C419D1B8586130053355F /* MainPageCell.m */ = {isa = PBXFileReference; fileEncoding = 4; lastKnownFileType = sourcecode.c.objc; path = MainPageCell.m; sourceTree = "<group>"; };
		DF3C419F1B85BFF40053355F /* MPButton.h */ = {isa = PBXFileReference; fileEncoding = 4; lastKnownFileType = sourcecode.c.h; path = MPButton.h; sourceTree = "<group>"; };
		DF3C41A01B85BFF40053355F /* MPButton.m */ = {isa = PBXFileReference; fileEncoding = 4; lastKnownFileType = sourcecode.c.objc; path = MPButton.m; sourceTree = "<group>"; };
		DF58508D1B856AC300204DDE /* MPDrop.h */ = {isa = PBXFileReference; fileEncoding = 4; lastKnownFileType = sourcecode.c.h; path = MPDrop.h; sourceTree = "<group>"; };
		DF58508E1B856AC300204DDE /* MPDrop.m */ = {isa = PBXFileReference; fileEncoding = 4; lastKnownFileType = sourcecode.c.objc; path = MPDrop.m; sourceTree = "<group>"; };
		DF58508F1B856AC300204DDE /* RememberedUserView.h */ = {isa = PBXFileReference; fileEncoding = 4; lastKnownFileType = sourcecode.c.h; path = RememberedUserView.h; sourceTree = "<group>"; };
		DF5850901B856AC300204DDE /* RememberedUserView.m */ = {isa = PBXFileReference; fileEncoding = 4; lastKnownFileType = sourcecode.c.objc; path = RememberedUserView.m; sourceTree = "<group>"; };
		DF5850941B856AD200204DDE /* Login.png */ = {isa = PBXFileReference; lastKnownFileType = image.png; path = Login.png; sourceTree = "<group>"; };
		DF5850951B856AD200204DDE /* LoginViewController.h */ = {isa = PBXFileReference; fileEncoding = 4; lastKnownFileType = sourcecode.c.h; path = LoginViewController.h; sourceTree = "<group>"; };
		DF5850961B856AD200204DDE /* LoginViewController.m */ = {isa = PBXFileReference; fileEncoding = 4; lastKnownFileType = sourcecode.c.objc; path = LoginViewController.m; sourceTree = "<group>"; };
		DF5850971B856AD200204DDE /* LoginViewController.xib */ = {isa = PBXFileReference; fileEncoding = 4; lastKnownFileType = file.xib; path = LoginViewController.xib; sourceTree = "<group>"; };
		DF6E3F441B82BD4C005355FE /* Temp1.h */ = {isa = PBXFileReference; fileEncoding = 4; lastKnownFileType = sourcecode.c.h; path = Temp1.h; sourceTree = "<group>"; };
		DF6E3F451B82BD4C005355FE /* Temp1.m */ = {isa = PBXFileReference; fileEncoding = 4; lastKnownFileType = sourcecode.c.objc; path = Temp1.m; sourceTree = "<group>"; };
		DFD3FAC41B8179EE0079CEC1 /* MiTan.app */ = {isa = PBXFileReference; explicitFileType = wrapper.application; includeInIndex = 0; path = MiTan.app; sourceTree = BUILT_PRODUCTS_DIR; };
		DFD3FAC81B8179EE0079CEC1 /* Info.plist */ = {isa = PBXFileReference; lastKnownFileType = text.plist.xml; path = Info.plist; sourceTree = "<group>"; };
		DFD3FAC91B8179EE0079CEC1 /* main.m */ = {isa = PBXFileReference; lastKnownFileType = sourcecode.c.objc; path = main.m; sourceTree = "<group>"; };
		DFD3FAD21B8179EE0079CEC1 /* Base */ = {isa = PBXFileReference; lastKnownFileType = file.storyboard; name = Base; path = Base.lproj/Main.storyboard; sourceTree = "<group>"; };
		DFD3FAD41B8179EE0079CEC1 /* Images.xcassets */ = {isa = PBXFileReference; lastKnownFileType = folder.assetcatalog; path = Images.xcassets; sourceTree = "<group>"; };
		DFD3FAD71B8179EE0079CEC1 /* Base */ = {isa = PBXFileReference; lastKnownFileType = file.xib; name = Base; path = Base.lproj/LaunchScreen.xib; sourceTree = "<group>"; };
		DFD3FADD1B8179EE0079CEC1 /* MiTanTests.xctest */ = {isa = PBXFileReference; explicitFileType = wrapper.cfbundle; includeInIndex = 0; path = MiTanTests.xctest; sourceTree = BUILT_PRODUCTS_DIR; };
		DFD3FAE21B8179EE0079CEC1 /* Info.plist */ = {isa = PBXFileReference; lastKnownFileType = text.plist.xml; path = Info.plist; sourceTree = "<group>"; };
		DFD3FAE31B8179EE0079CEC1 /* MiTanTests.m */ = {isa = PBXFileReference; lastKnownFileType = sourcecode.c.objc; path = MiTanTests.m; sourceTree = "<group>"; };
		DFD3FAFA1B818CC00079CEC1 /* MiTan-Prefix.pch */ = {isa = PBXFileReference; fileEncoding = 4; lastKnownFileType = sourcecode.c.h; path = "MiTan-Prefix.pch"; sourceTree = "<group>"; };
		DFD3FAFD1B81C19A0079CEC1 /* AppDelegate.h */ = {isa = PBXFileReference; fileEncoding = 4; lastKnownFileType = sourcecode.c.h; path = AppDelegate.h; sourceTree = "<group>"; };
		DFD3FAFE1B81C19A0079CEC1 /* AppDelegate.m */ = {isa = PBXFileReference; fileEncoding = 4; lastKnownFileType = sourcecode.c.objc; path = AppDelegate.m; sourceTree = "<group>"; };
		DFD3FB141B81C7F10079CEC1 /* APPHeader.h */ = {isa = PBXFileReference; lastKnownFileType = sourcecode.c.h; path = APPHeader.h; sourceTree = "<group>"; };
		DFD3FB151B81C8020079CEC1 /* IMPHeader.h */ = {isa = PBXFileReference; lastKnownFileType = sourcecode.c.h; path = IMPHeader.h; sourceTree = "<group>"; };
		DFD3FB161B81C8ED0079CEC1 /* KEYHeader.h */ = {isa = PBXFileReference; lastKnownFileType = sourcecode.c.h; path = KEYHeader.h; sourceTree = "<group>"; };
		DFD3FB171B81C90B0079CEC1 /* URLHeader.h */ = {isa = PBXFileReference; lastKnownFileType = sourcecode.c.h; path = URLHeader.h; sourceTree = "<group>"; };
		DFD3FB181B81D2C90079CEC1 /* WTbaseTabbarController.h */ = {isa = PBXFileReference; fileEncoding = 4; lastKnownFileType = sourcecode.c.h; path = WTbaseTabbarController.h; sourceTree = "<group>"; };
		DFD3FB191B81D2C90079CEC1 /* WTbaseTabbarController.m */ = {isa = PBXFileReference; fileEncoding = 4; lastKnownFileType = sourcecode.c.objc; path = WTbaseTabbarController.m; sourceTree = "<group>"; };
		DFD3FB1B1B81DE420079CEC1 /* MessageViewController.h */ = {isa = PBXFileReference; fileEncoding = 4; lastKnownFileType = sourcecode.c.h; path = MessageViewController.h; sourceTree = "<group>"; };
		DFD3FB1C1B81DE420079CEC1 /* MessageViewController.m */ = {isa = PBXFileReference; fileEncoding = 4; lastKnownFileType = sourcecode.c.objc; path = MessageViewController.m; sourceTree = "<group>"; };
		DFD3FB1E1B81DE830079CEC1 /* MyTableViewController.h */ = {isa = PBXFileReference; fileEncoding = 4; lastKnownFileType = sourcecode.c.h; path = MyTableViewController.h; sourceTree = "<group>"; };
		DFD3FB1F1B81DE830079CEC1 /* MyTableViewController.m */ = {isa = PBXFileReference; fileEncoding = 4; lastKnownFileType = sourcecode.c.objc; path = MyTableViewController.m; sourceTree = "<group>"; };
		DFD3FB211B81DE9B0079CEC1 /* AroundViewController.h */ = {isa = PBXFileReference; fileEncoding = 4; lastKnownFileType = sourcecode.c.h; path = AroundViewController.h; sourceTree = "<group>"; };
		DFD3FB221B81DE9B0079CEC1 /* AroundViewController.m */ = {isa = PBXFileReference; fileEncoding = 4; lastKnownFileType = sourcecode.c.objc; path = AroundViewController.m; sourceTree = "<group>"; };
		DFD3FB241B81E1530079CEC1 /* WTbaseNavigationVController.h */ = {isa = PBXFileReference; fileEncoding = 4; lastKnownFileType = sourcecode.c.h; name = WTbaseNavigationVController.h; path = ../../BaseClass/WTbaseNavigationVController.h; sourceTree = "<group>"; };
		DFD3FB251B81E1530079CEC1 /* WTbaseNavigationVController.m */ = {isa = PBXFileReference; fileEncoding = 4; lastKnownFileType = sourcecode.c.objc; name = WTbaseNavigationVController.m; path = ../../BaseClass/WTbaseNavigationVController.m; sourceTree = "<group>"; };
		DFD3FB291B82054B0079CEC1 /* UIBarButtonItem+WTbarButtonItem.h */ = {isa = PBXFileReference; fileEncoding = 4; lastKnownFileType = sourcecode.c.h; path = "UIBarButtonItem+WTbarButtonItem.h"; sourceTree = "<group>"; };
		DFD3FB2A1B82054B0079CEC1 /* UIBarButtonItem+WTbarButtonItem.m */ = {isa = PBXFileReference; fileEncoding = 4; lastKnownFileType = sourcecode.c.objc; path = "UIBarButtonItem+WTbarButtonItem.m"; sourceTree = "<group>"; };
		DFD3FB2C1B82056D0079CEC1 /* UIView+WTview.h */ = {isa = PBXFileReference; fileEncoding = 4; lastKnownFileType = sourcecode.c.h; path = "UIView+WTview.h"; sourceTree = "<group>"; };
		DFD3FB2D1B82056D0079CEC1 /* UIView+WTview.m */ = {isa = PBXFileReference; fileEncoding = 4; lastKnownFileType = sourcecode.c.objc; path = "UIView+WTview.m"; sourceTree = "<group>"; };
		DFF8CD6F1B83644000104AB5 /* NSString+Format.h */ = {isa = PBXFileReference; fileEncoding = 4; lastKnownFileType = sourcecode.c.h; path = "NSString+Format.h"; sourceTree = "<group>"; };
		DFF8CD701B83644000104AB5 /* NSString+Format.m */ = {isa = PBXFileReference; fileEncoding = 4; lastKnownFileType = sourcecode.c.objc; path = "NSString+Format.m"; sourceTree = "<group>"; };
		DFF8CDF51B84BC1800104AB5 /* AFHTTPRequestOperation.h */ = {isa = PBXFileReference; fileEncoding = 4; lastKnownFileType = sourcecode.c.h; path = AFHTTPRequestOperation.h; sourceTree = "<group>"; };
		DFF8CDF61B84BC1800104AB5 /* AFHTTPRequestOperation.m */ = {isa = PBXFileReference; fileEncoding = 4; lastKnownFileType = sourcecode.c.objc; path = AFHTTPRequestOperation.m; sourceTree = "<group>"; };
		DFF8CDF71B84BC1800104AB5 /* AFHTTPRequestOperationManager.h */ = {isa = PBXFileReference; fileEncoding = 4; lastKnownFileType = sourcecode.c.h; path = AFHTTPRequestOperationManager.h; sourceTree = "<group>"; };
		DFF8CDF81B84BC1800104AB5 /* AFHTTPRequestOperationManager.m */ = {isa = PBXFileReference; fileEncoding = 4; lastKnownFileType = sourcecode.c.objc; path = AFHTTPRequestOperationManager.m; sourceTree = "<group>"; };
		DFF8CDF91B84BC1800104AB5 /* AFHTTPSessionManager.h */ = {isa = PBXFileReference; fileEncoding = 4; lastKnownFileType = sourcecode.c.h; path = AFHTTPSessionManager.h; sourceTree = "<group>"; };
		DFF8CDFA1B84BC1800104AB5 /* AFHTTPSessionManager.m */ = {isa = PBXFileReference; fileEncoding = 4; lastKnownFileType = sourcecode.c.objc; path = AFHTTPSessionManager.m; sourceTree = "<group>"; };
		DFF8CDFB1B84BC1800104AB5 /* AFNetworking.h */ = {isa = PBXFileReference; fileEncoding = 4; lastKnownFileType = sourcecode.c.h; path = AFNetworking.h; sourceTree = "<group>"; };
		DFF8CDFC1B84BC1800104AB5 /* AFNetworkReachabilityManager.h */ = {isa = PBXFileReference; fileEncoding = 4; lastKnownFileType = sourcecode.c.h; path = AFNetworkReachabilityManager.h; sourceTree = "<group>"; };
		DFF8CDFD1B84BC1800104AB5 /* AFNetworkReachabilityManager.m */ = {isa = PBXFileReference; fileEncoding = 4; lastKnownFileType = sourcecode.c.objc; path = AFNetworkReachabilityManager.m; sourceTree = "<group>"; };
		DFF8CDFE1B84BC1800104AB5 /* AFSecurityPolicy.h */ = {isa = PBXFileReference; fileEncoding = 4; lastKnownFileType = sourcecode.c.h; path = AFSecurityPolicy.h; sourceTree = "<group>"; };
		DFF8CDFF1B84BC1800104AB5 /* AFSecurityPolicy.m */ = {isa = PBXFileReference; fileEncoding = 4; lastKnownFileType = sourcecode.c.objc; path = AFSecurityPolicy.m; sourceTree = "<group>"; };
		DFF8CE001B84BC1800104AB5 /* AFURLConnectionOperation.h */ = {isa = PBXFileReference; fileEncoding = 4; lastKnownFileType = sourcecode.c.h; path = AFURLConnectionOperation.h; sourceTree = "<group>"; };
		DFF8CE011B84BC1800104AB5 /* AFURLConnectionOperation.m */ = {isa = PBXFileReference; fileEncoding = 4; lastKnownFileType = sourcecode.c.objc; path = AFURLConnectionOperation.m; sourceTree = "<group>"; };
		DFF8CE021B84BC1800104AB5 /* AFURLRequestSerialization.h */ = {isa = PBXFileReference; fileEncoding = 4; lastKnownFileType = sourcecode.c.h; path = AFURLRequestSerialization.h; sourceTree = "<group>"; };
		DFF8CE031B84BC1800104AB5 /* AFURLRequestSerialization.m */ = {isa = PBXFileReference; fileEncoding = 4; lastKnownFileType = sourcecode.c.objc; path = AFURLRequestSerialization.m; sourceTree = "<group>"; };
		DFF8CE041B84BC1800104AB5 /* AFURLResponseSerialization.h */ = {isa = PBXFileReference; fileEncoding = 4; lastKnownFileType = sourcecode.c.h; path = AFURLResponseSerialization.h; sourceTree = "<group>"; };
		DFF8CE051B84BC1800104AB5 /* AFURLResponseSerialization.m */ = {isa = PBXFileReference; fileEncoding = 4; lastKnownFileType = sourcecode.c.objc; path = AFURLResponseSerialization.m; sourceTree = "<group>"; };
		DFF8CE061B84BC1800104AB5 /* AFURLSessionManager.h */ = {isa = PBXFileReference; fileEncoding = 4; lastKnownFileType = sourcecode.c.h; path = AFURLSessionManager.h; sourceTree = "<group>"; };
		DFF8CE071B84BC1800104AB5 /* AFURLSessionManager.m */ = {isa = PBXFileReference; fileEncoding = 4; lastKnownFileType = sourcecode.c.objc; path = AFURLSessionManager.m; sourceTree = "<group>"; };
		DFF8CE091B84BC1800104AB5 /* AFNetworkActivityIndicatorManager.h */ = {isa = PBXFileReference; fileEncoding = 4; lastKnownFileType = sourcecode.c.h; path = AFNetworkActivityIndicatorManager.h; sourceTree = "<group>"; };
		DFF8CE0A1B84BC1800104AB5 /* AFNetworkActivityIndicatorManager.m */ = {isa = PBXFileReference; fileEncoding = 4; lastKnownFileType = sourcecode.c.objc; path = AFNetworkActivityIndicatorManager.m; sourceTree = "<group>"; };
		DFF8CE0B1B84BC1800104AB5 /* UIActivityIndicatorView+AFNetworking.h */ = {isa = PBXFileReference; fileEncoding = 4; lastKnownFileType = sourcecode.c.h; path = "UIActivityIndicatorView+AFNetworking.h"; sourceTree = "<group>"; };
		DFF8CE0C1B84BC1800104AB5 /* UIActivityIndicatorView+AFNetworking.m */ = {isa = PBXFileReference; fileEncoding = 4; lastKnownFileType = sourcecode.c.objc; path = "UIActivityIndicatorView+AFNetworking.m"; sourceTree = "<group>"; };
		DFF8CE0D1B84BC1800104AB5 /* UIAlertView+AFNetworking.h */ = {isa = PBXFileReference; fileEncoding = 4; lastKnownFileType = sourcecode.c.h; path = "UIAlertView+AFNetworking.h"; sourceTree = "<group>"; };
		DFF8CE0E1B84BC1800104AB5 /* UIAlertView+AFNetworking.m */ = {isa = PBXFileReference; fileEncoding = 4; lastKnownFileType = sourcecode.c.objc; path = "UIAlertView+AFNetworking.m"; sourceTree = "<group>"; };
		DFF8CE0F1B84BC1800104AB5 /* UIButton+AFNetworking.h */ = {isa = PBXFileReference; fileEncoding = 4; lastKnownFileType = sourcecode.c.h; path = "UIButton+AFNetworking.h"; sourceTree = "<group>"; };
		DFF8CE101B84BC1800104AB5 /* UIButton+AFNetworking.m */ = {isa = PBXFileReference; fileEncoding = 4; lastKnownFileType = sourcecode.c.objc; path = "UIButton+AFNetworking.m"; sourceTree = "<group>"; };
		DFF8CE111B84BC1800104AB5 /* UIImageView+AFNetworking.h */ = {isa = PBXFileReference; fileEncoding = 4; lastKnownFileType = sourcecode.c.h; path = "UIImageView+AFNetworking.h"; sourceTree = "<group>"; };
		DFF8CE121B84BC1800104AB5 /* UIImageView+AFNetworking.m */ = {isa = PBXFileReference; fileEncoding = 4; lastKnownFileType = sourcecode.c.objc; path = "UIImageView+AFNetworking.m"; sourceTree = "<group>"; };
		DFF8CE131B84BC1800104AB5 /* UIKit+AFNetworking.h */ = {isa = PBXFileReference; fileEncoding = 4; lastKnownFileType = sourcecode.c.h; path = "UIKit+AFNetworking.h"; sourceTree = "<group>"; };
		DFF8CE141B84BC1800104AB5 /* UIProgressView+AFNetworking.h */ = {isa = PBXFileReference; fileEncoding = 4; lastKnownFileType = sourcecode.c.h; path = "UIProgressView+AFNetworking.h"; sourceTree = "<group>"; };
		DFF8CE151B84BC1800104AB5 /* UIProgressView+AFNetworking.m */ = {isa = PBXFileReference; fileEncoding = 4; lastKnownFileType = sourcecode.c.objc; path = "UIProgressView+AFNetworking.m"; sourceTree = "<group>"; };
		DFF8CE161B84BC1800104AB5 /* UIRefreshControl+AFNetworking.h */ = {isa = PBXFileReference; fileEncoding = 4; lastKnownFileType = sourcecode.c.h; path = "UIRefreshControl+AFNetworking.h"; sourceTree = "<group>"; };
		DFF8CE171B84BC1800104AB5 /* UIRefreshControl+AFNetworking.m */ = {isa = PBXFileReference; fileEncoding = 4; lastKnownFileType = sourcecode.c.objc; path = "UIRefreshControl+AFNetworking.m"; sourceTree = "<group>"; };
		DFF8CE181B84BC1800104AB5 /* UIWebView+AFNetworking.h */ = {isa = PBXFileReference; fileEncoding = 4; lastKnownFileType = sourcecode.c.h; path = "UIWebView+AFNetworking.h"; sourceTree = "<group>"; };
		DFF8CE191B84BC1800104AB5 /* UIWebView+AFNetworking.m */ = {isa = PBXFileReference; fileEncoding = 4; lastKnownFileType = sourcecode.c.objc; path = "UIWebView+AFNetworking.m"; sourceTree = "<group>"; };
		DFF8CE2C1B84BD3400104AB5 /* RequestTool.h */ = {isa = PBXFileReference; fileEncoding = 4; lastKnownFileType = sourcecode.c.h; path = RequestTool.h; sourceTree = "<group>"; };
		DFF8CE2D1B84BD3400104AB5 /* RequestTool.m */ = {isa = PBXFileReference; fileEncoding = 4; lastKnownFileType = sourcecode.c.objc; path = RequestTool.m; sourceTree = "<group>"; };
/* End PBXFileReference section */

/* Begin PBXFrameworksBuildPhase section */
		DFD3FAC11B8179EE0079CEC1 /* Frameworks */ = {
			isa = PBXFrameworksBuildPhase;
			buildActionMask = 2147483647;
			files = (
			);
			runOnlyForDeploymentPostprocessing = 0;
		};
		DFD3FADA1B8179EE0079CEC1 /* Frameworks */ = {
			isa = PBXFrameworksBuildPhase;
			buildActionMask = 2147483647;
			files = (
			);
			runOnlyForDeploymentPostprocessing = 0;
		};
/* End PBXFrameworksBuildPhase section */

/* Begin PBXGroup section */
		DF58508B1B856A2700204DDE /* Login */ = {
			isa = PBXGroup;
			children = (
				DF5850931B856AD200204DDE /* Controller */,
				DF58508C1B856AC300204DDE /* View */,
			);
			path = Login;
			sourceTree = "<group>";
		};
		DF58508C1B856AC300204DDE /* View */ = {
			isa = PBXGroup;
			children = (
				DF58508D1B856AC300204DDE /* MPDrop.h */,
				DF58508E1B856AC300204DDE /* MPDrop.m */,
				DF58508F1B856AC300204DDE /* RememberedUserView.h */,
				DF5850901B856AC300204DDE /* RememberedUserView.m */,
			);
			path = View;
			sourceTree = "<group>";
		};
		DF5850931B856AD200204DDE /* Controller */ = {
			isa = PBXGroup;
			children = (
				DF5850941B856AD200204DDE /* Login.png */,
				DF5850951B856AD200204DDE /* LoginViewController.h */,
				DF5850961B856AD200204DDE /* LoginViewController.m */,
				DF5850971B856AD200204DDE /* LoginViewController.xib */,
			);
			path = Controller;
			sourceTree = "<group>";
		};
		DF6E3F431B82BD2D005355FE /* Temp */ = {
			isa = PBXGroup;
			children = (
				DF6E3F441B82BD4C005355FE /* Temp1.h */,
				DF6E3F451B82BD4C005355FE /* Temp1.m */,
			);
			path = Temp;
			sourceTree = "<group>";
		};
		DFD3FABB1B8179ED0079CEC1 = {
			isa = PBXGroup;
			children = (
				DFD3FAC61B8179EE0079CEC1 /* MiTan */,
				DFD3FAE01B8179EE0079CEC1 /* MiTanTests */,
				DFD3FAC51B8179EE0079CEC1 /* Products */,
			);
			sourceTree = "<group>";
		};
		DFD3FAC51B8179EE0079CEC1 /* Products */ = {
			isa = PBXGroup;
			children = (
				DFD3FAC41B8179EE0079CEC1 /* MiTan.app */,
				DFD3FADD1B8179EE0079CEC1 /* MiTanTests.xctest */,
			);
			name = Products;
			sourceTree = "<group>";
		};
		DFD3FAC61B8179EE0079CEC1 /* MiTan */ = {
			isa = PBXGroup;
			children = (
				DFD3FAFB1B81C19A0079CEC1 /* Source */,
				DFD3FAD11B8179EE0079CEC1 /* Main.storyboard */,
				DFD3FAD41B8179EE0079CEC1 /* Images.xcassets */,
				DFD3FAD61B8179EE0079CEC1 /* LaunchScreen.xib */,
				DFD3FAC71B8179EE0079CEC1 /* Supporting Files */,
			);
			path = MiTan;
			sourceTree = "<group>";
		};
		DFD3FAC71B8179EE0079CEC1 /* Supporting Files */ = {
			isa = PBXGroup;
			children = (
				DFD3FAC81B8179EE0079CEC1 /* Info.plist */,
				DFD3FAC91B8179EE0079CEC1 /* main.m */,
				DFD3FAFA1B818CC00079CEC1 /* MiTan-Prefix.pch */,
			);
			name = "Supporting Files";
			sourceTree = "<group>";
		};
		DFD3FAE01B8179EE0079CEC1 /* MiTanTests */ = {
			isa = PBXGroup;
			children = (
				DFD3FAE31B8179EE0079CEC1 /* MiTanTests.m */,
				DFD3FAE11B8179EE0079CEC1 /* Supporting Files */,
			);
			path = MiTanTests;
			sourceTree = "<group>";
		};
		DFD3FAE11B8179EE0079CEC1 /* Supporting Files */ = {
			isa = PBXGroup;
			children = (
				DFD3FAE21B8179EE0079CEC1 /* Info.plist */,
			);
			name = "Supporting Files";
			sourceTree = "<group>";
		};
		DFD3FAFB1B81C19A0079CEC1 /* Source */ = {
			isa = PBXGroup;
			children = (
				DF6E3F431B82BD2D005355FE /* Temp */,
				DFD3FAFC1B81C19A0079CEC1 /* Application */,
				DFD3FAFF1B81C19A0079CEC1 /* BaseClass */,
				DFD3FB001B81C19A0079CEC1 /* CodeClass */,
				DFD3FB0A1B81C19A0079CEC1 /* DataBase */,
				DFD3FB0B1B81C19A0079CEC1 /* EnNetWork */,
				DFD3FB0C1B81C19A0079CEC1 /* Framework */,
				DFD3FB0D1B81C19A0079CEC1 /* Global */,
				DFD3FB0E1B81C19A0079CEC1 /* Helper */,
				DFD3FB0F1B81C19A0079CEC1 /* Macro */,
				DFD3FB101B81C19A0079CEC1 /* Resources */,
				DFD3FB111B81C19A0079CEC1 /* TheThird */,
			);
			name = Source;
			path = MiTan/Source;
			sourceTree = SOURCE_ROOT;
		};
		DFD3FAFC1B81C19A0079CEC1 /* Application */ = {
			isa = PBXGroup;
			children = (
				DFD3FAFD1B81C19A0079CEC1 /* AppDelegate.h */,
				DFD3FAFE1B81C19A0079CEC1 /* AppDelegate.m */,
			);
			path = Application;
			sourceTree = "<group>";
		};
		DFD3FAFF1B81C19A0079CEC1 /* BaseClass */ = {
			isa = PBXGroup;
			children = (
				DFD3FB181B81D2C90079CEC1 /* WTbaseTabbarController.h */,
				DFD3FB191B81D2C90079CEC1 /* WTbaseTabbarController.m */,
			);
			path = BaseClass;
			sourceTree = "<group>";
		};
		DFD3FB001B81C19A0079CEC1 /* CodeClass */ = {
			isa = PBXGroup;
			children = (
				DF58508B1B856A2700204DDE /* Login */,
				DFD3FB011B81C19A0079CEC1 /* Around */,
				DFD3FB031B81C19A0079CEC1 /* Message */,
				DFD3FB041B81C19A0079CEC1 /* MianPage */,
				DFD3FB071B81C19A0079CEC1 /* More */,
				DFD3FB081B81C19A0079CEC1 /* My */,
			);
			path = CodeClass;
			sourceTree = "<group>";
		};
		DFD3FB011B81C19A0079CEC1 /* Around */ = {
			isa = PBXGroup;
			children = (
				DFD3FB211B81DE9B0079CEC1 /* AroundViewController.h */,
				DFD3FB221B81DE9B0079CEC1 /* AroundViewController.m */,
			);
			path = Around;
			sourceTree = "<group>";
		};
		DFD3FB031B81C19A0079CEC1 /* Message */ = {
			isa = PBXGroup;
			children = (
				DFD3FB1B1B81DE420079CEC1 /* MessageViewController.h */,
				DFD3FB1C1B81DE420079CEC1 /* MessageViewController.m */,
				C25B5D821B85DA4800318952 /* MessageCategoryTableViewCell.h */,
				C25B5D831B85DA4800318952 /* MessageCategoryTableViewCell.m */,
				C25B5D851B85DA5F00318952 /* MessageListTableViewCell.h */,
				C25B5D861B85DA5F00318952 /* MessageListTableViewCell.m */,
			);
			path = Message;
			sourceTree = "<group>";
		};
		DFD3FB041B81C19A0079CEC1 /* MianPage */ = {
			isa = PBXGroup;
			children = (
				DF3C41991B8584430053355F /* MainPage.h */,
				DF3C419A1B8584430053355F /* MainPage.m */,
				DF3C419C1B8586130053355F /* MainPageCell.h */,
				DF3C419D1B8586130053355F /* MainPageCell.m */,
			);
			path = MianPage;
			sourceTree = "<group>";
		};
		DFD3FB071B81C19A0079CEC1 /* More */ = {
			isa = PBXGroup;
			children = (
			);
			path = More;
			sourceTree = "<group>";
		};
		DFD3FB081B81C19A0079CEC1 /* My */ = {
			isa = PBXGroup;
			children = (
				DFD3FB1E1B81DE830079CEC1 /* MyTableViewController.h */,
				DFD3FB1F1B81DE830079CEC1 /* MyTableViewController.m */,
			);
			path = My;
			sourceTree = "<group>";
		};
		DFD3FB0A1B81C19A0079CEC1 /* DataBase */ = {
			isa = PBXGroup;
			children = (
			);
			path = DataBase;
			sourceTree = "<group>";
		};
		DFD3FB0B1B81C19A0079CEC1 /* EnNetWork */ = {
			isa = PBXGroup;
			children = (
			);
			path = EnNetWork;
			sourceTree = "<group>";
		};
		DFD3FB0C1B81C19A0079CEC1 /* Framework */ = {
			isa = PBXGroup;
			children = (
			);
			path = Framework;
			sourceTree = "<group>";
		};
		DFD3FB0D1B81C19A0079CEC1 /* Global */ = {
			isa = PBXGroup;
			children = (
			);
			path = Global;
			sourceTree = "<group>";
		};
		DFD3FB0E1B81C19A0079CEC1 /* Helper */ = {
			isa = PBXGroup;
			children = (
				DFF8CE2B1B84BD1100104AB5 /* Util */,
				DFD3FB271B82050F0079CEC1 /* Category */,
				DFD3FB281B82050F0079CEC1 /* Extend */,
			);
			path = Helper;
			sourceTree = "<group>";
		};
		DFD3FB0F1B81C19A0079CEC1 /* Macro */ = {
			isa = PBXGroup;
			children = (
				DFD3FB141B81C7F10079CEC1 /* APPHeader.h */,
				DFD3FB151B81C8020079CEC1 /* IMPHeader.h */,
				DFD3FB161B81C8ED0079CEC1 /* KEYHeader.h */,
				DFD3FB171B81C90B0079CEC1 /* URLHeader.h */,
			);
			path = Macro;
			sourceTree = "<group>";
		};
		DFD3FB101B81C19A0079CEC1 /* Resources */ = {
			isa = PBXGroup;
			children = (
			);
			path = Resources;
			sourceTree = "<group>";
		};
		DFD3FB111B81C19A0079CEC1 /* TheThird */ = {
			isa = PBXGroup;
			children = (
				DFF8CDF31B84BC1800104AB5 /* AFNetWorking */,
			);
			path = TheThird;
			sourceTree = "<group>";
		};
		DFD3FB271B82050F0079CEC1 /* Category */ = {
			isa = PBXGroup;
			children = (
				DFF8CD6F1B83644000104AB5 /* NSString+Format.h */,
				DFF8CD701B83644000104AB5 /* NSString+Format.m */,
				DFD3FB291B82054B0079CEC1 /* UIBarButtonItem+WTbarButtonItem.h */,
				DFD3FB2A1B82054B0079CEC1 /* UIBarButtonItem+WTbarButtonItem.m */,
				DFD3FB2C1B82056D0079CEC1 /* UIView+WTview.h */,
				DFD3FB2D1B82056D0079CEC1 /* UIView+WTview.m */,
			);
			path = Category;
			sourceTree = "<group>";
		};
		DFD3FB281B82050F0079CEC1 /* Extend */ = {
			isa = PBXGroup;
			children = (
				DFD3FB241B81E1530079CEC1 /* WTbaseNavigationVController.h */,
				DFD3FB251B81E1530079CEC1 /* WTbaseNavigationVController.m */,
				DF3C419F1B85BFF40053355F /* MPButton.h */,
				DF3C41A01B85BFF40053355F /* MPButton.m */,
			);
			path = Extend;
			sourceTree = "<group>";
		};
		DFF8CDF31B84BC1800104AB5 /* AFNetWorking */ = {
			isa = PBXGroup;
			children = (
				DFF8CDF41B84BC1800104AB5 /* AFNetworking */,
				DFF8CE081B84BC1800104AB5 /* UIKit+AFNetworking */,
			);
			path = AFNetWorking;
			sourceTree = "<group>";
		};
		DFF8CDF41B84BC1800104AB5 /* AFNetworking */ = {
			isa = PBXGroup;
			children = (
				DFF8CDF51B84BC1800104AB5 /* AFHTTPRequestOperation.h */,
				DFF8CDF61B84BC1800104AB5 /* AFHTTPRequestOperation.m */,
				DFF8CDF71B84BC1800104AB5 /* AFHTTPRequestOperationManager.h */,
				DFF8CDF81B84BC1800104AB5 /* AFHTTPRequestOperationManager.m */,
				DFF8CDF91B84BC1800104AB5 /* AFHTTPSessionManager.h */,
				DFF8CDFA1B84BC1800104AB5 /* AFHTTPSessionManager.m */,
				DFF8CDFB1B84BC1800104AB5 /* AFNetworking.h */,
				DFF8CDFC1B84BC1800104AB5 /* AFNetworkReachabilityManager.h */,
				DFF8CDFD1B84BC1800104AB5 /* AFNetworkReachabilityManager.m */,
				DFF8CDFE1B84BC1800104AB5 /* AFSecurityPolicy.h */,
				DFF8CDFF1B84BC1800104AB5 /* AFSecurityPolicy.m */,
				DFF8CE001B84BC1800104AB5 /* AFURLConnectionOperation.h */,
				DFF8CE011B84BC1800104AB5 /* AFURLConnectionOperation.m */,
				DFF8CE021B84BC1800104AB5 /* AFURLRequestSerialization.h */,
				DFF8CE031B84BC1800104AB5 /* AFURLRequestSerialization.m */,
				DFF8CE041B84BC1800104AB5 /* AFURLResponseSerialization.h */,
				DFF8CE051B84BC1800104AB5 /* AFURLResponseSerialization.m */,
				DFF8CE061B84BC1800104AB5 /* AFURLSessionManager.h */,
				DFF8CE071B84BC1800104AB5 /* AFURLSessionManager.m */,
			);
			path = AFNetworking;
			sourceTree = "<group>";
		};
		DFF8CE081B84BC1800104AB5 /* UIKit+AFNetworking */ = {
			isa = PBXGroup;
			children = (
				DFF8CE091B84BC1800104AB5 /* AFNetworkActivityIndicatorManager.h */,
				DFF8CE0A1B84BC1800104AB5 /* AFNetworkActivityIndicatorManager.m */,
				DFF8CE0B1B84BC1800104AB5 /* UIActivityIndicatorView+AFNetworking.h */,
				DFF8CE0C1B84BC1800104AB5 /* UIActivityIndicatorView+AFNetworking.m */,
				DFF8CE0D1B84BC1800104AB5 /* UIAlertView+AFNetworking.h */,
				DFF8CE0E1B84BC1800104AB5 /* UIAlertView+AFNetworking.m */,
				DFF8CE0F1B84BC1800104AB5 /* UIButton+AFNetworking.h */,
				DFF8CE101B84BC1800104AB5 /* UIButton+AFNetworking.m */,
				DFF8CE111B84BC1800104AB5 /* UIImageView+AFNetworking.h */,
				DFF8CE121B84BC1800104AB5 /* UIImageView+AFNetworking.m */,
				DFF8CE131B84BC1800104AB5 /* UIKit+AFNetworking.h */,
				DFF8CE141B84BC1800104AB5 /* UIProgressView+AFNetworking.h */,
				DFF8CE151B84BC1800104AB5 /* UIProgressView+AFNetworking.m */,
				DFF8CE161B84BC1800104AB5 /* UIRefreshControl+AFNetworking.h */,
				DFF8CE171B84BC1800104AB5 /* UIRefreshControl+AFNetworking.m */,
				DFF8CE181B84BC1800104AB5 /* UIWebView+AFNetworking.h */,
				DFF8CE191B84BC1800104AB5 /* UIWebView+AFNetworking.m */,
			);
			path = "UIKit+AFNetworking";
			sourceTree = "<group>";
		};
		DFF8CE2B1B84BD1100104AB5 /* Util */ = {
			isa = PBXGroup;
			children = (
				DFF8CE2C1B84BD3400104AB5 /* RequestTool.h */,
				DFF8CE2D1B84BD3400104AB5 /* RequestTool.m */,
			);
			path = Util;
			sourceTree = "<group>";
		};
/* End PBXGroup section */

/* Begin PBXNativeTarget section */
		DFD3FAC31B8179EE0079CEC1 /* MiTan */ = {
			isa = PBXNativeTarget;
			buildConfigurationList = DFD3FAE71B8179EE0079CEC1 /* Build configuration list for PBXNativeTarget "MiTan" */;
			buildPhases = (
				DFD3FAC01B8179EE0079CEC1 /* Sources */,
				DFD3FAC11B8179EE0079CEC1 /* Frameworks */,
				DFD3FAC21B8179EE0079CEC1 /* Resources */,
			);
			buildRules = (
			);
			dependencies = (
			);
			name = MiTan;
			productName = MiTan;
			productReference = DFD3FAC41B8179EE0079CEC1 /* MiTan.app */;
			productType = "com.apple.product-type.application";
		};
		DFD3FADC1B8179EE0079CEC1 /* MiTanTests */ = {
			isa = PBXNativeTarget;
			buildConfigurationList = DFD3FAEA1B8179EE0079CEC1 /* Build configuration list for PBXNativeTarget "MiTanTests" */;
			buildPhases = (
				DFD3FAD91B8179EE0079CEC1 /* Sources */,
				DFD3FADA1B8179EE0079CEC1 /* Frameworks */,
				DFD3FADB1B8179EE0079CEC1 /* Resources */,
			);
			buildRules = (
			);
			dependencies = (
				DFD3FADF1B8179EE0079CEC1 /* PBXTargetDependency */,
			);
			name = MiTanTests;
			productName = MiTanTests;
			productReference = DFD3FADD1B8179EE0079CEC1 /* MiTanTests.xctest */;
			productType = "com.apple.product-type.bundle.unit-test";
		};
/* End PBXNativeTarget section */

/* Begin PBXProject section */
		DFD3FABC1B8179ED0079CEC1 /* Project object */ = {
			isa = PBXProject;
			attributes = {
				LastUpgradeCheck = 0630;
				ORGANIZATIONNAME = thl;
				TargetAttributes = {
					DFD3FAC31B8179EE0079CEC1 = {
						CreatedOnToolsVersion = 6.3;
					};
					DFD3FADC1B8179EE0079CEC1 = {
						CreatedOnToolsVersion = 6.3;
						TestTargetID = DFD3FAC31B8179EE0079CEC1;
					};
				};
			};
			buildConfigurationList = DFD3FABF1B8179ED0079CEC1 /* Build configuration list for PBXProject "MiTan" */;
			compatibilityVersion = "Xcode 3.2";
			developmentRegion = English;
			hasScannedForEncodings = 0;
			knownRegions = (
				en,
				Base,
			);
			mainGroup = DFD3FABB1B8179ED0079CEC1;
			productRefGroup = DFD3FAC51B8179EE0079CEC1 /* Products */;
			projectDirPath = "";
			projectRoot = "";
			targets = (
				DFD3FAC31B8179EE0079CEC1 /* MiTan */,
				DFD3FADC1B8179EE0079CEC1 /* MiTanTests */,
			);
		};
/* End PBXProject section */

/* Begin PBXResourcesBuildPhase section */
		DFD3FAC21B8179EE0079CEC1 /* Resources */ = {
			isa = PBXResourcesBuildPhase;
			buildActionMask = 2147483647;
			files = (
				DF58509A1B856AD200204DDE /* LoginViewController.xib in Resources */,
				DFD3FAD31B8179EE0079CEC1 /* Main.storyboard in Resources */,
				DF5850981B856AD200204DDE /* Login.png in Resources */,
				DFD3FAD81B8179EE0079CEC1 /* LaunchScreen.xib in Resources */,
				DFD3FAD51B8179EE0079CEC1 /* Images.xcassets in Resources */,
			);
			runOnlyForDeploymentPostprocessing = 0;
		};
		DFD3FADB1B8179EE0079CEC1 /* Resources */ = {
			isa = PBXResourcesBuildPhase;
			buildActionMask = 2147483647;
			files = (
			);
			runOnlyForDeploymentPostprocessing = 0;
		};
/* End PBXResourcesBuildPhase section */

/* Begin PBXSourcesBuildPhase section */
		DFD3FAC01B8179EE0079CEC1 /* Sources */ = {
			isa = PBXSourcesBuildPhase;
			buildActionMask = 2147483647;
			files = (
				C25B5D871B85DA5F00318952 /* MessageListTableViewCell.m in Sources */,
				DFF8CE281B84BC1800104AB5 /* UIProgressView+AFNetworking.m in Sources */,
				DFF8CE271B84BC1800104AB5 /* UIImageView+AFNetworking.m in Sources */,
				DFF8CE1A1B84BC1800104AB5 /* AFHTTPRequestOperation.m in Sources */,
				DFD3FB261B81E1530079CEC1 /* WTbaseNavigationVController.m in Sources */,
				DF6E3F461B82BD4C005355FE /* Temp1.m in Sources */,
				DFF8CE241B84BC1800104AB5 /* UIActivityIndicatorView+AFNetworking.m in Sources */,
				DFF8CE2A1B84BC1800104AB5 /* UIWebView+AFNetworking.m in Sources */,
				DFF8CE1C1B84BC1800104AB5 /* AFHTTPSessionManager.m in Sources */,
				DFF8CE231B84BC1800104AB5 /* AFNetworkActivityIndicatorManager.m in Sources */,
				DFD3FB2E1B82056D0079CEC1 /* UIView+WTview.m in Sources */,
				DFF8CE251B84BC1800104AB5 /* UIAlertView+AFNetworking.m in Sources */,
				DFD3FB2B1B82054B0079CEC1 /* UIBarButtonItem+WTbarButtonItem.m in Sources */,
				DFF8CE1D1B84BC1800104AB5 /* AFNetworkReachabilityManager.m in Sources */,
				DFF8CE221B84BC1800104AB5 /* AFURLSessionManager.m in Sources */,
				DFD3FB1D1B81DE420079CEC1 /* MessageViewController.m in Sources */,
				C25B5D841B85DA4800318952 /* MessageCategoryTableViewCell.m in Sources */,
				DFF8CD711B83644000104AB5 /* NSString+Format.m in Sources */,
				DFF8CE1F1B84BC1800104AB5 /* AFURLConnectionOperation.m in Sources */,
				DFF8CE211B84BC1800104AB5 /* AFURLResponseSerialization.m in Sources */,
				DFD3FB1A1B81D2C90079CEC1 /* WTbaseTabbarController.m in Sources */,
				DF5850991B856AD200204DDE /* LoginViewController.m in Sources */,
				DF3C419B1B8584430053355F /* MainPage.m in Sources */,
				DF5850911B856AC300204DDE /* MPDrop.m in Sources */,
				DFF8CE201B84BC1800104AB5 /* AFURLRequestSerialization.m in Sources */,
				DFD3FB201B81DE830079CEC1 /* MyTableViewController.m in Sources */,
				DFD3FB121B81C19A0079CEC1 /* AppDelegate.m in Sources */,
				DFF8CE2E1B84BD3400104AB5 /* RequestTool.m in Sources */,
				DFD3FACA1B8179EE0079CEC1 /* main.m in Sources */,
				DFF8CE261B84BC1800104AB5 /* UIButton+AFNetworking.m in Sources */,
				DFF8CE291B84BC1800104AB5 /* UIRefreshControl+AFNetworking.m in Sources */,
				DFF8CE1B1B84BC1800104AB5 /* AFHTTPRequestOperationManager.m in Sources */,
				DF3C41A11B85BFF40053355F /* MPButton.m in Sources */,
				DFF8CE1E1B84BC1800104AB5 /* AFSecurityPolicy.m in Sources */,
				DF5850921B856AC300204DDE /* RememberedUserView.m in Sources */,
				DFD3FB231B81DE9B0079CEC1 /* AroundViewController.m in Sources */,
				DF3C419E1B8586130053355F /* MainPageCell.m in Sources */,
			);
			runOnlyForDeploymentPostprocessing = 0;
		};
		DFD3FAD91B8179EE0079CEC1 /* Sources */ = {
			isa = PBXSourcesBuildPhase;
			buildActionMask = 2147483647;
			files = (
				DFD3FAE41B8179EE0079CEC1 /* MiTanTests.m in Sources */,
			);
			runOnlyForDeploymentPostprocessing = 0;
		};
/* End PBXSourcesBuildPhase section */

/* Begin PBXTargetDependency section */
		DFD3FADF1B8179EE0079CEC1 /* PBXTargetDependency */ = {
			isa = PBXTargetDependency;
			target = DFD3FAC31B8179EE0079CEC1 /* MiTan */;
			targetProxy = DFD3FADE1B8179EE0079CEC1 /* PBXContainerItemProxy */;
		};
/* End PBXTargetDependency section */

/* Begin PBXVariantGroup section */
		DFD3FAD11B8179EE0079CEC1 /* Main.storyboard */ = {
			isa = PBXVariantGroup;
			children = (
				DFD3FAD21B8179EE0079CEC1 /* Base */,
			);
			name = Main.storyboard;
			sourceTree = "<group>";
		};
		DFD3FAD61B8179EE0079CEC1 /* LaunchScreen.xib */ = {
			isa = PBXVariantGroup;
			children = (
				DFD3FAD71B8179EE0079CEC1 /* Base */,
			);
			name = LaunchScreen.xib;
			sourceTree = "<group>";
		};
/* End PBXVariantGroup section */

/* Begin XCBuildConfiguration section */
		DFD3FAE51B8179EE0079CEC1 /* Debug */ = {
			isa = XCBuildConfiguration;
			buildSettings = {
				ALWAYS_SEARCH_USER_PATHS = NO;
				CLANG_CXX_LANGUAGE_STANDARD = "gnu++0x";
				CLANG_CXX_LIBRARY = "libc++";
				CLANG_ENABLE_MODULES = YES;
				CLANG_ENABLE_OBJC_ARC = YES;
				CLANG_WARN_BOOL_CONVERSION = YES;
				CLANG_WARN_CONSTANT_CONVERSION = YES;
				CLANG_WARN_DIRECT_OBJC_ISA_USAGE = YES_ERROR;
				CLANG_WARN_EMPTY_BODY = YES;
				CLANG_WARN_ENUM_CONVERSION = YES;
				CLANG_WARN_INT_CONVERSION = YES;
				CLANG_WARN_OBJC_ROOT_CLASS = YES_ERROR;
				CLANG_WARN_UNREACHABLE_CODE = YES;
				CLANG_WARN__DUPLICATE_METHOD_MATCH = YES;
				"CODE_SIGN_IDENTITY[sdk=iphoneos*]" = "iPhone Developer";
				COPY_PHASE_STRIP = NO;
				DEBUG_INFORMATION_FORMAT = "dwarf-with-dsym";
				ENABLE_STRICT_OBJC_MSGSEND = YES;
				GCC_C_LANGUAGE_STANDARD = gnu99;
				GCC_DYNAMIC_NO_PIC = NO;
				GCC_NO_COMMON_BLOCKS = YES;
				GCC_OPTIMIZATION_LEVEL = 0;
				GCC_PREPROCESSOR_DEFINITIONS = (
					"DEBUG=1",
					"$(inherited)",
				);
				GCC_SYMBOLS_PRIVATE_EXTERN = NO;
				GCC_WARN_64_TO_32_BIT_CONVERSION = YES;
				GCC_WARN_ABOUT_RETURN_TYPE = YES_ERROR;
				GCC_WARN_UNDECLARED_SELECTOR = YES;
				GCC_WARN_UNINITIALIZED_AUTOS = YES_AGGRESSIVE;
				GCC_WARN_UNUSED_FUNCTION = YES;
				GCC_WARN_UNUSED_VARIABLE = YES;
				IPHONEOS_DEPLOYMENT_TARGET = 8.0;
				MTL_ENABLE_DEBUG_INFO = YES;
				ONLY_ACTIVE_ARCH = YES;
				SDKROOT = iphoneos;
				TARGETED_DEVICE_FAMILY = "1,2";
			};
			name = Debug;
		};
		DFD3FAE61B8179EE0079CEC1 /* Release */ = {
			isa = XCBuildConfiguration;
			buildSettings = {
				ALWAYS_SEARCH_USER_PATHS = NO;
				CLANG_CXX_LANGUAGE_STANDARD = "gnu++0x";
				CLANG_CXX_LIBRARY = "libc++";
				CLANG_ENABLE_MODULES = YES;
				CLANG_ENABLE_OBJC_ARC = YES;
				CLANG_WARN_BOOL_CONVERSION = YES;
				CLANG_WARN_CONSTANT_CONVERSION = YES;
				CLANG_WARN_DIRECT_OBJC_ISA_USAGE = YES_ERROR;
				CLANG_WARN_EMPTY_BODY = YES;
				CLANG_WARN_ENUM_CONVERSION = YES;
				CLANG_WARN_INT_CONVERSION = YES;
				CLANG_WARN_OBJC_ROOT_CLASS = YES_ERROR;
				CLANG_WARN_UNREACHABLE_CODE = YES;
				CLANG_WARN__DUPLICATE_METHOD_MATCH = YES;
				"CODE_SIGN_IDENTITY[sdk=iphoneos*]" = "iPhone Developer";
				COPY_PHASE_STRIP = NO;
				DEBUG_INFORMATION_FORMAT = "dwarf-with-dsym";
				ENABLE_NS_ASSERTIONS = NO;
				ENABLE_STRICT_OBJC_MSGSEND = YES;
				GCC_C_LANGUAGE_STANDARD = gnu99;
				GCC_NO_COMMON_BLOCKS = YES;
				GCC_WARN_64_TO_32_BIT_CONVERSION = YES;
				GCC_WARN_ABOUT_RETURN_TYPE = YES_ERROR;
				GCC_WARN_UNDECLARED_SELECTOR = YES;
				GCC_WARN_UNINITIALIZED_AUTOS = YES_AGGRESSIVE;
				GCC_WARN_UNUSED_FUNCTION = YES;
				GCC_WARN_UNUSED_VARIABLE = YES;
				IPHONEOS_DEPLOYMENT_TARGET = 8.0;
				MTL_ENABLE_DEBUG_INFO = NO;
				SDKROOT = iphoneos;
				TARGETED_DEVICE_FAMILY = "1,2";
				VALIDATE_PRODUCT = YES;
			};
			name = Release;
		};
		DFD3FAE81B8179EE0079CEC1 /* Debug */ = {
			isa = XCBuildConfiguration;
			buildSettings = {
				ASSETCATALOG_COMPILER_APPICON_NAME = AppIcon;
				GCC_PRECOMPILE_PREFIX_HEADER = YES;
				GCC_PREFIX_HEADER = "MiTan/MiTan-Prefix.pch";
				INFOPLIST_FILE = MiTan/Info.plist;
				IPHONEOS_DEPLOYMENT_TARGET = 8.0;
				LD_RUNPATH_SEARCH_PATHS = "$(inherited) @executable_path/Frameworks";
				PRODUCT_NAME = "$(TARGET_NAME)";
			};
			name = Debug;
		};
		DFD3FAE91B8179EE0079CEC1 /* Release */ = {
			isa = XCBuildConfiguration;
			buildSettings = {
				ASSETCATALOG_COMPILER_APPICON_NAME = AppIcon;
				GCC_PRECOMPILE_PREFIX_HEADER = YES;
				GCC_PREFIX_HEADER = "MiTan/MiTan-Prefix.pch";
				INFOPLIST_FILE = MiTan/Info.plist;
				IPHONEOS_DEPLOYMENT_TARGET = 8.0;
				LD_RUNPATH_SEARCH_PATHS = "$(inherited) @executable_path/Frameworks";
				PRODUCT_NAME = "$(TARGET_NAME)";
			};
			name = Release;
		};
		DFD3FAEB1B8179EE0079CEC1 /* Debug */ = {
			isa = XCBuildConfiguration;
			buildSettings = {
				BUNDLE_LOADER = "$(TEST_HOST)";
				FRAMEWORK_SEARCH_PATHS = (
					"$(SDKROOT)/Developer/Library/Frameworks",
					"$(inherited)",
				);
				GCC_PREPROCESSOR_DEFINITIONS = (
					"DEBUG=1",
					"$(inherited)",
				);
				INFOPLIST_FILE = MiTanTests/Info.plist;
				LD_RUNPATH_SEARCH_PATHS = "$(inherited) @executable_path/Frameworks @loader_path/Frameworks";
				PRODUCT_NAME = "$(TARGET_NAME)";
				TEST_HOST = "$(BUILT_PRODUCTS_DIR)/MiTan.app/MiTan";
			};
			name = Debug;
		};
		DFD3FAEC1B8179EE0079CEC1 /* Release */ = {
			isa = XCBuildConfiguration;
			buildSettings = {
				BUNDLE_LOADER = "$(TEST_HOST)";
				FRAMEWORK_SEARCH_PATHS = (
					"$(SDKROOT)/Developer/Library/Frameworks",
					"$(inherited)",
				);
				INFOPLIST_FILE = MiTanTests/Info.plist;
				LD_RUNPATH_SEARCH_PATHS = "$(inherited) @executable_path/Frameworks @loader_path/Frameworks";
				PRODUCT_NAME = "$(TARGET_NAME)";
				TEST_HOST = "$(BUILT_PRODUCTS_DIR)/MiTan.app/MiTan";
			};
			name = Release;
		};
/* End XCBuildConfiguration section */

/* Begin XCConfigurationList section */
		DFD3FABF1B8179ED0079CEC1 /* Build configuration list for PBXProject "MiTan" */ = {
			isa = XCConfigurationList;
			buildConfigurations = (
				DFD3FAE51B8179EE0079CEC1 /* Debug */,
				DFD3FAE61B8179EE0079CEC1 /* Release */,
			);
			defaultConfigurationIsVisible = 0;
			defaultConfigurationName = Release;
		};
		DFD3FAE71B8179EE0079CEC1 /* Build configuration list for PBXNativeTarget "MiTan" */ = {
			isa = XCConfigurationList;
			buildConfigurations = (
				DFD3FAE81B8179EE0079CEC1 /* Debug */,
				DFD3FAE91B8179EE0079CEC1 /* Release */,
			);
			defaultConfigurationIsVisible = 0;
			defaultConfigurationName = Release;
		};
		DFD3FAEA1B8179EE0079CEC1 /* Build configuration list for PBXNativeTarget "MiTanTests" */ = {
			isa = XCConfigurationList;
			buildConfigurations = (
				DFD3FAEB1B8179EE0079CEC1 /* Debug */,
				DFD3FAEC1B8179EE0079CEC1 /* Release */,
			);
			defaultConfigurationIsVisible = 0;
			defaultConfigurationName = Release;
		};
/* End XCConfigurationList section */
	};
	rootObject = DFD3FABC1B8179ED0079CEC1 /* Project object */;
}
